// !$*UTF8*$!
{
	archiveVersion = 1;
	classes = {
	};
	objectVersion = 51;
	objects = {

/* Begin PBXBuildFile section */
		040764F7249606F800B0D404 /* VideoCollectionContainer.swift in Sources */ = {isa = PBXBuildFile; fileRef = 040764F5249606F800B0D404 /* VideoCollectionContainer.swift */; };
		040764F8249606F800B0D404 /* VideoCollectionContainer.xib in Resources */ = {isa = PBXBuildFile; fileRef = 040764F6249606F800B0D404 /* VideoCollectionContainer.xib */; };
		040E98C1248A1C07007AF099 /* AppDelegate.swift in Sources */ = {isa = PBXBuildFile; fileRef = 040E98C0248A1C07007AF099 /* AppDelegate.swift */; };
		040E98C3248A1C07007AF099 /* SceneDelegate.swift in Sources */ = {isa = PBXBuildFile; fileRef = 040E98C2248A1C07007AF099 /* SceneDelegate.swift */; };
		040E98CB248A1C07007AF099 /* VimeoClient.xcdatamodeld in Sources */ = {isa = PBXBuildFile; fileRef = 040E98C9248A1C07007AF099 /* VimeoClient.xcdatamodeld */; };
		040E98CD248A1C09007AF099 /* Assets.xcassets in Resources */ = {isa = PBXBuildFile; fileRef = 040E98CC248A1C09007AF099 /* Assets.xcassets */; };
		040E98D0248A1C09007AF099 /* LaunchScreen.storyboard in Resources */ = {isa = PBXBuildFile; fileRef = 040E98CE248A1C09007AF099 /* LaunchScreen.storyboard */; };
		040E98DB248A1C09007AF099 /* VimeoClientTests.swift in Sources */ = {isa = PBXBuildFile; fileRef = 040E98DA248A1C09007AF099 /* VimeoClientTests.swift */; };
		040E98EC248A1D7B007AF099 /* AppDelegate.swift in Sources */ = {isa = PBXBuildFile; fileRef = 040E98EB248A1D7B007AF099 /* AppDelegate.swift */; };
		040E98F4248A1D7B007AF099 /* tvOSClient.xcdatamodeld in Sources */ = {isa = PBXBuildFile; fileRef = 040E98F2248A1D7B007AF099 /* tvOSClient.xcdatamodeld */; };
		040E98F6248A1D7D007AF099 /* Assets.xcassets in Resources */ = {isa = PBXBuildFile; fileRef = 040E98F5248A1D7D007AF099 /* Assets.xcassets */; };
		040E98F9248A1D7D007AF099 /* LaunchScreen.storyboard in Resources */ = {isa = PBXBuildFile; fileRef = 040E98F7248A1D7D007AF099 /* LaunchScreen.storyboard */; };
		040E9904248A1D7D007AF099 /* tvOSClientTests.swift in Sources */ = {isa = PBXBuildFile; fileRef = 040E9903248A1D7D007AF099 /* tvOSClientTests.swift */; };
		040E990F248A1EB8007AF099 /* HCVimeoVideo.swift in Sources */ = {isa = PBXBuildFile; fileRef = 040E990D248A1EB8007AF099 /* HCVimeoVideo.swift */; };
		040E9910248A1EB8007AF099 /* HCVimeoVideo.swift in Sources */ = {isa = PBXBuildFile; fileRef = 040E990D248A1EB8007AF099 /* HCVimeoVideo.swift */; };
		040E9911248A1EB8007AF099 /* HCVimeoVideoExtractor.swift in Sources */ = {isa = PBXBuildFile; fileRef = 040E990E248A1EB8007AF099 /* HCVimeoVideoExtractor.swift */; };
		040E9912248A1EB8007AF099 /* HCVimeoVideoExtractor.swift in Sources */ = {isa = PBXBuildFile; fileRef = 040E990E248A1EB8007AF099 /* HCVimeoVideoExtractor.swift */; };
		040E9915248A2144007AF099 /* APICredits.swift in Sources */ = {isa = PBXBuildFile; fileRef = 040E9914248A2144007AF099 /* APICredits.swift */; };
		040E9917248A4931007AF099 /* MP4ExtensionForVimeo.swift in Sources */ = {isa = PBXBuildFile; fileRef = 040E9916248A4931007AF099 /* MP4ExtensionForVimeo.swift */; };
		040E9918248A4A3D007AF099 /* MP4ExtensionForVimeo.swift in Sources */ = {isa = PBXBuildFile; fileRef = 040E9916248A4931007AF099 /* MP4ExtensionForVimeo.swift */; };
		040E991B248A4C05007AF099 /* ErrorStructure.swift in Sources */ = {isa = PBXBuildFile; fileRef = 040E991A248A4C05007AF099 /* ErrorStructure.swift */; };
		040E991D248A78BC007AF099 /* TableViewGenericCellsExtension.swift in Sources */ = {isa = PBXBuildFile; fileRef = 040E991C248A78BC007AF099 /* TableViewGenericCellsExtension.swift */; };
		04369E16248FD97D0042C0C6 /* ImageViewExtension.swift in Sources */ = {isa = PBXBuildFile; fileRef = 04369E15248FD97D0042C0C6 /* ImageViewExtension.swift */; };
		04369E17248FD97D0042C0C6 /* ImageViewExtension.swift in Sources */ = {isa = PBXBuildFile; fileRef = 04369E15248FD97D0042C0C6 /* ImageViewExtension.swift */; };
		04369E1A2490A4500042C0C6 /* Route.swift in Sources */ = {isa = PBXBuildFile; fileRef = 04369E192490A4500042C0C6 /* Route.swift */; };
		04369E1B2490A4500042C0C6 /* Route.swift in Sources */ = {isa = PBXBuildFile; fileRef = 04369E192490A4500042C0C6 /* Route.swift */; };
		04369E1E2490B0FD0042C0C6 /* VideoInfoViewController.swift in Sources */ = {isa = PBXBuildFile; fileRef = 04369E1C2490B0FD0042C0C6 /* VideoInfoViewController.swift */; };
		04369E1F2490B0FD0042C0C6 /* VideoInfoViewController.xib in Resources */ = {isa = PBXBuildFile; fileRef = 04369E1D2490B0FD0042C0C6 /* VideoInfoViewController.xib */; };
		04369E222490B2FB0042C0C6 /* PlayerView.swift in Sources */ = {isa = PBXBuildFile; fileRef = 04369E212490B2FB0042C0C6 /* PlayerView.swift */; };
		04369E232490B2FB0042C0C6 /* PlayerView.swift in Sources */ = {isa = PBXBuildFile; fileRef = 04369E212490B2FB0042C0C6 /* PlayerView.swift */; };
		04369E272490D60D0042C0C6 /* IntExtension.swift in Sources */ = {isa = PBXBuildFile; fileRef = 04369E262490D60D0042C0C6 /* IntExtension.swift */; };
		04369E282490D60D0042C0C6 /* IntExtension.swift in Sources */ = {isa = PBXBuildFile; fileRef = 04369E262490D60D0042C0C6 /* IntExtension.swift */; };
		04369E292490D9F90042C0C6 /* CategoryCell.swift in Sources */ = {isa = PBXBuildFile; fileRef = 04E9D9F7248F9EFF008D92E7 /* CategoryCell.swift */; };
		04369E312490DBFD0042C0C6 /* CategoryCell.xib in Resources */ = {isa = PBXBuildFile; fileRef = 04369E302490DBFD0042C0C6 /* CategoryCell.xib */; };
		04369E332490DD350042C0C6 /* VideosCollectionViewController.swift in Sources */ = {isa = PBXBuildFile; fileRef = 04E9DA00248FC893008D92E7 /* VideosCollectionViewController.swift */; };
		04369E342490DD4E0042C0C6 /* VideoCollectionCell.swift in Sources */ = {isa = PBXBuildFile; fileRef = 04E9DA04248FCBAD008D92E7 /* VideoCollectionCell.swift */; };
		04369E3C2490FBC50042C0C6 /* SearchController.swift in Sources */ = {isa = PBXBuildFile; fileRef = 04369E3A2490FBC50042C0C6 /* SearchController.swift */; };
		04369E3D2490FBC50042C0C6 /* SearchController.xib in Resources */ = {isa = PBXBuildFile; fileRef = 04369E3B2490FBC50042C0C6 /* SearchController.xib */; };
		04516C862494337900BCB3D4 /* Main.storyboard in Resources */ = {isa = PBXBuildFile; fileRef = 04516C852494337900BCB3D4 /* Main.storyboard */; };
		047AA6402492038700538CA1 /* CategoriesVC.swift in Sources */ = {isa = PBXBuildFile; fileRef = 047AA63E2492038700538CA1 /* CategoriesVC.swift */; };
		047AA6412492038700538CA1 /* CategoriesVC.xib in Resources */ = {isa = PBXBuildFile; fileRef = 047AA63F2492038700538CA1 /* CategoriesVC.xib */; };
		047AA643249205E000538CA1 /* ConfigurableCategoryCell.swift in Sources */ = {isa = PBXBuildFile; fileRef = 047AA642249205E000538CA1 /* ConfigurableCategoryCell.swift */; };
		047AA644249205E000538CA1 /* ConfigurableCategoryCell.swift in Sources */ = {isa = PBXBuildFile; fileRef = 047AA642249205E000538CA1 /* ConfigurableCategoryCell.swift */; };
		047AA64624920E3D00538CA1 /* ConfigurableVideoCell.swift in Sources */ = {isa = PBXBuildFile; fileRef = 047AA64524920E3D00538CA1 /* ConfigurableVideoCell.swift */; };
		047AA64724920E3D00538CA1 /* ConfigurableVideoCell.swift in Sources */ = {isa = PBXBuildFile; fileRef = 047AA64524920E3D00538CA1 /* ConfigurableVideoCell.swift */; };
		048597AA24942AFF00D111CB /* CategoriesVC.xib in Resources */ = {isa = PBXBuildFile; fileRef = 048597A924942AFF00D111CB /* CategoriesVC.xib */; };
		048597AB24942B1800D111CB /* CategoriesVC.swift in Sources */ = {isa = PBXBuildFile; fileRef = 047AA63E2492038700538CA1 /* CategoriesVC.swift */; };
		048597AE24942B9E00D111CB /* CategoriesVCContainer.swift in Sources */ = {isa = PBXBuildFile; fileRef = 048597AC24942B9E00D111CB /* CategoriesVCContainer.swift */; };
		048597AF24942B9E00D111CB /* CategoriesVCContainer.xib in Resources */ = {isa = PBXBuildFile; fileRef = 048597AD24942B9E00D111CB /* CategoriesVCContainer.xib */; };
		048597B124942F9A00D111CB /* VimeoTabbarVC.swift in Sources */ = {isa = PBXBuildFile; fileRef = 04E9D9CE248F9542008D92E7 /* VimeoTabbarVC.swift */; };
		04E9C595249609B9005733EF /* VideosCollectionViewController.xib in Resources */ = {isa = PBXBuildFile; fileRef = 04E9C594249609B9005733EF /* VideosCollectionViewController.xib */; };
		04E9C59824960B1D005733EF /* VideoCollectionSmallCell.swift in Sources */ = {isa = PBXBuildFile; fileRef = 04E9C59624960B1D005733EF /* VideoCollectionSmallCell.swift */; };
		04E9C59924960B1D005733EF /* VideoCollectionSmallCell.xib in Resources */ = {isa = PBXBuildFile; fileRef = 04E9C59724960B1D005733EF /* VideoCollectionSmallCell.xib */; };
		04E9C59D24961ADA005733EF /* VideoInfoController.swift in Sources */ = {isa = PBXBuildFile; fileRef = 04E9C59B24961ADA005733EF /* VideoInfoController.swift */; };
		04E9C59E24961ADA005733EF /* VideoInfoController.xib in Resources */ = {isa = PBXBuildFile; fileRef = 04E9C59C24961ADA005733EF /* VideoInfoController.xib */; };
		04E9C5A224961B1F005733EF /* VideoInfoInterface.swift in Sources */ = {isa = PBXBuildFile; fileRef = 04E9C5A124961B1F005733EF /* VideoInfoInterface.swift */; };
		04E9C5A324961B1F005733EF /* VideoInfoInterface.swift in Sources */ = {isa = PBXBuildFile; fileRef = 04E9C5A124961B1F005733EF /* VideoInfoInterface.swift */; };
		04E9D9D1248F95E7008D92E7 /* CommonAssets.xcassets in Resources */ = {isa = PBXBuildFile; fileRef = 04E9D9D0248F95E7008D92E7 /* CommonAssets.xcassets */; };
		04E9D9D2248F95E7008D92E7 /* CommonAssets.xcassets in Resources */ = {isa = PBXBuildFile; fileRef = 04E9D9D0248F95E7008D92E7 /* CommonAssets.xcassets */; };
		04E9D9D3248F95EC008D92E7 /* VimeoTabbarVC.swift in Sources */ = {isa = PBXBuildFile; fileRef = 04E9D9CE248F9542008D92E7 /* VimeoTabbarVC.swift */; };
		04E9D9D4248F9703008D92E7 /* ErrorStructure.swift in Sources */ = {isa = PBXBuildFile; fileRef = 040E991A248A4C05007AF099 /* ErrorStructure.swift */; };
		04E9D9D5248F970A008D92E7 /* APICredits.swift in Sources */ = {isa = PBXBuildFile; fileRef = 040E9914248A2144007AF099 /* APICredits.swift */; };
		04E9D9D6248F970D008D92E7 /* TableViewGenericCellsExtension.swift in Sources */ = {isa = PBXBuildFile; fileRef = 040E991C248A78BC007AF099 /* TableViewGenericCellsExtension.swift */; };
		04E9D9F5248F9EE6008D92E7 /* CategoriesTabContainer.swift in Sources */ = {isa = PBXBuildFile; fileRef = 04E9D9F3248F9EE6008D92E7 /* CategoriesTabContainer.swift */; };
		04E9D9F6248F9EE6008D92E7 /* CategoriesTabContainer.xib in Resources */ = {isa = PBXBuildFile; fileRef = 04E9D9F4248F9EE6008D92E7 /* CategoriesTabContainer.xib */; };
		04E9D9F9248F9EFF008D92E7 /* CategoryCell.swift in Sources */ = {isa = PBXBuildFile; fileRef = 04E9D9F7248F9EFF008D92E7 /* CategoryCell.swift */; };
		04E9D9FA248F9EFF008D92E7 /* CategoryCell.xib in Resources */ = {isa = PBXBuildFile; fileRef = 04E9D9F8248F9EFF008D92E7 /* CategoryCell.xib */; };
		04E9D9FD248FA525008D92E7 /* CategoriesModel.swift in Sources */ = {isa = PBXBuildFile; fileRef = 04E9D9FC248FA525008D92E7 /* CategoriesModel.swift */; };
		04E9D9FE248FA525008D92E7 /* CategoriesModel.swift in Sources */ = {isa = PBXBuildFile; fileRef = 04E9D9FC248FA525008D92E7 /* CategoriesModel.swift */; };
		04E9DA02248FC893008D92E7 /* VideosCollectionViewController.swift in Sources */ = {isa = PBXBuildFile; fileRef = 04E9DA00248FC893008D92E7 /* VideosCollectionViewController.swift */; };
		04E9DA03248FC893008D92E7 /* VideosCollectionViewController.xib in Resources */ = {isa = PBXBuildFile; fileRef = 04E9DA01248FC893008D92E7 /* VideosCollectionViewController.xib */; };
		04E9DA06248FCBAD008D92E7 /* VideoCollectionCell.swift in Sources */ = {isa = PBXBuildFile; fileRef = 04E9DA04248FCBAD008D92E7 /* VideoCollectionCell.swift */; };
		04E9DA07248FCBAD008D92E7 /* VideoCollectionCell.xib in Resources */ = {isa = PBXBuildFile; fileRef = 04E9DA05248FCBAD008D92E7 /* VideoCollectionCell.xib */; };
		04E9DA0A248FD334008D92E7 /* VCExtension.swift in Sources */ = {isa = PBXBuildFile; fileRef = 04E9DA09248FD334008D92E7 /* VCExtension.swift */; };
		04E9DA0B248FD334008D92E7 /* VCExtension.swift in Sources */ = {isa = PBXBuildFile; fileRef = 04E9DA09248FD334008D92E7 /* VCExtension.swift */; };
		04F071192491036700E93B6D /* VideoModel.swift in Sources */ = {isa = PBXBuildFile; fileRef = 04F071182491036700E93B6D /* VideoModel.swift */; };
		04F0711A2491036700E93B6D /* VideoModel.swift in Sources */ = {isa = PBXBuildFile; fileRef = 04F071182491036700E93B6D /* VideoModel.swift */; };
		3D357F96FCE7DD0B4ED968D4 /* Pods_VimeoClient.framework in Frameworks */ = {isa = PBXBuildFile; fileRef = 2422BDFE6608D90591F4B8E4 /* Pods_VimeoClient.framework */; };
		B2EB896530E7AEDA3184DB62 /* Pods_tvOSClientTests.framework in Frameworks */ = {isa = PBXBuildFile; fileRef = 96E2C42D456C5820E69F804D /* Pods_tvOSClientTests.framework */; };
		CF3C6CD8101142485B97BB75 /* Pods_tvOSClient.framework in Frameworks */ = {isa = PBXBuildFile; fileRef = 526B87ED5C89FACCC63955CE /* Pods_tvOSClient.framework */; };
		FEE167ACC7083D0641ACB395 /* Pods_VimeoClientTests.framework in Frameworks */ = {isa = PBXBuildFile; fileRef = B08B92D48A4A436689915B5B /* Pods_VimeoClientTests.framework */; };
/* End PBXBuildFile section */

/* Begin PBXContainerItemProxy section */
		040E98D7248A1C09007AF099 /* PBXContainerItemProxy */ = {
			isa = PBXContainerItemProxy;
			containerPortal = 040E98B5248A1C07007AF099 /* Project object */;
			proxyType = 1;
			remoteGlobalIDString = 040E98BC248A1C07007AF099;
			remoteInfo = VimeoClient;
		};
		040E9900248A1D7D007AF099 /* PBXContainerItemProxy */ = {
			isa = PBXContainerItemProxy;
			containerPortal = 040E98B5248A1C07007AF099 /* Project object */;
			proxyType = 1;
			remoteGlobalIDString = 040E98E8248A1D7B007AF099;
			remoteInfo = tvOSClient;
		};
/* End PBXContainerItemProxy section */

/* Begin PBXFileReference section */
		040764F5249606F800B0D404 /* VideoCollectionContainer.swift */ = {isa = PBXFileReference; lastKnownFileType = sourcecode.swift; path = VideoCollectionContainer.swift; sourceTree = "<group>"; };
		040764F6249606F800B0D404 /* VideoCollectionContainer.xib */ = {isa = PBXFileReference; lastKnownFileType = file.xib; path = VideoCollectionContainer.xib; sourceTree = "<group>"; };
		040E98BD248A1C07007AF099 /* VimeoClient.app */ = {isa = PBXFileReference; explicitFileType = wrapper.application; includeInIndex = 0; path = VimeoClient.app; sourceTree = BUILT_PRODUCTS_DIR; };
		040E98C0248A1C07007AF099 /* AppDelegate.swift */ = {isa = PBXFileReference; lastKnownFileType = sourcecode.swift; path = AppDelegate.swift; sourceTree = "<group>"; };
		040E98C2248A1C07007AF099 /* SceneDelegate.swift */ = {isa = PBXFileReference; lastKnownFileType = sourcecode.swift; path = SceneDelegate.swift; sourceTree = "<group>"; };
		040E98CA248A1C07007AF099 /* VimeoClient.xcdatamodel */ = {isa = PBXFileReference; lastKnownFileType = wrapper.xcdatamodel; path = VimeoClient.xcdatamodel; sourceTree = "<group>"; };
		040E98CC248A1C09007AF099 /* Assets.xcassets */ = {isa = PBXFileReference; lastKnownFileType = folder.assetcatalog; path = Assets.xcassets; sourceTree = "<group>"; };
		040E98CF248A1C09007AF099 /* Base */ = {isa = PBXFileReference; lastKnownFileType = file.storyboard; name = Base; path = Base.lproj/LaunchScreen.storyboard; sourceTree = "<group>"; };
		040E98D1248A1C09007AF099 /* Info.plist */ = {isa = PBXFileReference; lastKnownFileType = text.plist.xml; path = Info.plist; sourceTree = "<group>"; };
		040E98D6248A1C09007AF099 /* VimeoClientTests.xctest */ = {isa = PBXFileReference; explicitFileType = wrapper.cfbundle; includeInIndex = 0; path = VimeoClientTests.xctest; sourceTree = BUILT_PRODUCTS_DIR; };
		040E98DA248A1C09007AF099 /* VimeoClientTests.swift */ = {isa = PBXFileReference; lastKnownFileType = sourcecode.swift; path = VimeoClientTests.swift; sourceTree = "<group>"; };
		040E98DC248A1C09007AF099 /* Info.plist */ = {isa = PBXFileReference; lastKnownFileType = text.plist.xml; path = Info.plist; sourceTree = "<group>"; };
		040E98E9248A1D7B007AF099 /* tvOSClient.app */ = {isa = PBXFileReference; explicitFileType = wrapper.application; includeInIndex = 0; path = tvOSClient.app; sourceTree = BUILT_PRODUCTS_DIR; };
		040E98EB248A1D7B007AF099 /* AppDelegate.swift */ = {isa = PBXFileReference; lastKnownFileType = sourcecode.swift; path = AppDelegate.swift; sourceTree = "<group>"; };
		040E98F3248A1D7B007AF099 /* tvOSClient.xcdatamodel */ = {isa = PBXFileReference; lastKnownFileType = wrapper.xcdatamodel; path = tvOSClient.xcdatamodel; sourceTree = "<group>"; };
		040E98F5248A1D7D007AF099 /* Assets.xcassets */ = {isa = PBXFileReference; lastKnownFileType = folder.assetcatalog; path = Assets.xcassets; sourceTree = "<group>"; };
		040E98F8248A1D7D007AF099 /* Base */ = {isa = PBXFileReference; lastKnownFileType = file.storyboard; name = Base; path = Base.lproj/LaunchScreen.storyboard; sourceTree = "<group>"; };
		040E98FA248A1D7D007AF099 /* Info.plist */ = {isa = PBXFileReference; lastKnownFileType = text.plist.xml; path = Info.plist; sourceTree = "<group>"; };
		040E98FF248A1D7D007AF099 /* tvOSClientTests.xctest */ = {isa = PBXFileReference; explicitFileType = wrapper.cfbundle; includeInIndex = 0; path = tvOSClientTests.xctest; sourceTree = BUILT_PRODUCTS_DIR; };
		040E9903248A1D7D007AF099 /* tvOSClientTests.swift */ = {isa = PBXFileReference; lastKnownFileType = sourcecode.swift; path = tvOSClientTests.swift; sourceTree = "<group>"; };
		040E9905248A1D7D007AF099 /* Info.plist */ = {isa = PBXFileReference; lastKnownFileType = text.plist.xml; path = Info.plist; sourceTree = "<group>"; };
		040E990D248A1EB8007AF099 /* HCVimeoVideo.swift */ = {isa = PBXFileReference; fileEncoding = 4; lastKnownFileType = sourcecode.swift; path = HCVimeoVideo.swift; sourceTree = "<group>"; };
		040E990E248A1EB8007AF099 /* HCVimeoVideoExtractor.swift */ = {isa = PBXFileReference; fileEncoding = 4; lastKnownFileType = sourcecode.swift; path = HCVimeoVideoExtractor.swift; sourceTree = "<group>"; };
		040E9914248A2144007AF099 /* APICredits.swift */ = {isa = PBXFileReference; lastKnownFileType = sourcecode.swift; path = APICredits.swift; sourceTree = "<group>"; };
		040E9916248A4931007AF099 /* MP4ExtensionForVimeo.swift */ = {isa = PBXFileReference; lastKnownFileType = sourcecode.swift; path = MP4ExtensionForVimeo.swift; sourceTree = "<group>"; };
		040E991A248A4C05007AF099 /* ErrorStructure.swift */ = {isa = PBXFileReference; lastKnownFileType = sourcecode.swift; path = ErrorStructure.swift; sourceTree = "<group>"; };
		040E991C248A78BC007AF099 /* TableViewGenericCellsExtension.swift */ = {isa = PBXFileReference; lastKnownFileType = sourcecode.swift; path = TableViewGenericCellsExtension.swift; sourceTree = "<group>"; };
		04369E15248FD97D0042C0C6 /* ImageViewExtension.swift */ = {isa = PBXFileReference; lastKnownFileType = sourcecode.swift; path = ImageViewExtension.swift; sourceTree = "<group>"; };
		04369E192490A4500042C0C6 /* Route.swift */ = {isa = PBXFileReference; lastKnownFileType = sourcecode.swift; path = Route.swift; sourceTree = "<group>"; };
		04369E1C2490B0FD0042C0C6 /* VideoInfoViewController.swift */ = {isa = PBXFileReference; lastKnownFileType = sourcecode.swift; path = VideoInfoViewController.swift; sourceTree = "<group>"; };
		04369E1D2490B0FD0042C0C6 /* VideoInfoViewController.xib */ = {isa = PBXFileReference; lastKnownFileType = file.xib; path = VideoInfoViewController.xib; sourceTree = "<group>"; };
		04369E212490B2FB0042C0C6 /* PlayerView.swift */ = {isa = PBXFileReference; lastKnownFileType = sourcecode.swift; path = PlayerView.swift; sourceTree = "<group>"; };
		04369E262490D60D0042C0C6 /* IntExtension.swift */ = {isa = PBXFileReference; lastKnownFileType = sourcecode.swift; path = IntExtension.swift; sourceTree = "<group>"; };
		04369E302490DBFD0042C0C6 /* CategoryCell.xib */ = {isa = PBXFileReference; lastKnownFileType = file.xib; path = CategoryCell.xib; sourceTree = "<group>"; };
		04369E3A2490FBC50042C0C6 /* SearchController.swift */ = {isa = PBXFileReference; lastKnownFileType = sourcecode.swift; path = SearchController.swift; sourceTree = "<group>"; };
		04369E3B2490FBC50042C0C6 /* SearchController.xib */ = {isa = PBXFileReference; lastKnownFileType = file.xib; path = SearchController.xib; sourceTree = "<group>"; };
		04516C852494337900BCB3D4 /* Main.storyboard */ = {isa = PBXFileReference; lastKnownFileType = file.storyboard; path = Main.storyboard; sourceTree = "<group>"; };
		047AA63E2492038700538CA1 /* CategoriesVC.swift */ = {isa = PBXFileReference; lastKnownFileType = sourcecode.swift; path = CategoriesVC.swift; sourceTree = "<group>"; };
		047AA63F2492038700538CA1 /* CategoriesVC.xib */ = {isa = PBXFileReference; lastKnownFileType = file.xib; path = CategoriesVC.xib; sourceTree = "<group>"; };
		047AA642249205E000538CA1 /* ConfigurableCategoryCell.swift */ = {isa = PBXFileReference; lastKnownFileType = sourcecode.swift; path = ConfigurableCategoryCell.swift; sourceTree = "<group>"; };
		047AA64524920E3D00538CA1 /* ConfigurableVideoCell.swift */ = {isa = PBXFileReference; lastKnownFileType = sourcecode.swift; path = ConfigurableVideoCell.swift; sourceTree = "<group>"; };
		048597A924942AFF00D111CB /* CategoriesVC.xib */ = {isa = PBXFileReference; lastKnownFileType = file.xib; path = CategoriesVC.xib; sourceTree = "<group>"; };
		048597AC24942B9E00D111CB /* CategoriesVCContainer.swift */ = {isa = PBXFileReference; lastKnownFileType = sourcecode.swift; path = CategoriesVCContainer.swift; sourceTree = "<group>"; };
		048597AD24942B9E00D111CB /* CategoriesVCContainer.xib */ = {isa = PBXFileReference; lastKnownFileType = file.xib; path = CategoriesVCContainer.xib; sourceTree = "<group>"; };
		04E9C594249609B9005733EF /* VideosCollectionViewController.xib */ = {isa = PBXFileReference; lastKnownFileType = file.xib; path = VideosCollectionViewController.xib; sourceTree = "<group>"; };
		04E9C59624960B1D005733EF /* VideoCollectionSmallCell.swift */ = {isa = PBXFileReference; lastKnownFileType = sourcecode.swift; path = VideoCollectionSmallCell.swift; sourceTree = "<group>"; };
		04E9C59724960B1D005733EF /* VideoCollectionSmallCell.xib */ = {isa = PBXFileReference; lastKnownFileType = file.xib; path = VideoCollectionSmallCell.xib; sourceTree = "<group>"; };
		04E9C59B24961ADA005733EF /* VideoInfoController.swift */ = {isa = PBXFileReference; lastKnownFileType = sourcecode.swift; path = VideoInfoController.swift; sourceTree = "<group>"; };
		04E9C59C24961ADA005733EF /* VideoInfoController.xib */ = {isa = PBXFileReference; lastKnownFileType = file.xib; path = VideoInfoController.xib; sourceTree = "<group>"; };
		04E9C5A124961B1F005733EF /* VideoInfoInterface.swift */ = {isa = PBXFileReference; lastKnownFileType = sourcecode.swift; path = VideoInfoInterface.swift; sourceTree = "<group>"; };
		04E9D9CE248F9542008D92E7 /* VimeoTabbarVC.swift */ = {isa = PBXFileReference; lastKnownFileType = sourcecode.swift; path = VimeoTabbarVC.swift; sourceTree = "<group>"; };
		04E9D9D0248F95E7008D92E7 /* CommonAssets.xcassets */ = {isa = PBXFileReference; lastKnownFileType = folder.assetcatalog; path = CommonAssets.xcassets; sourceTree = "<group>"; };
		04E9D9F3248F9EE6008D92E7 /* CategoriesTabContainer.swift */ = {isa = PBXFileReference; lastKnownFileType = sourcecode.swift; path = CategoriesTabContainer.swift; sourceTree = "<group>"; };
		04E9D9F4248F9EE6008D92E7 /* CategoriesTabContainer.xib */ = {isa = PBXFileReference; lastKnownFileType = file.xib; path = CategoriesTabContainer.xib; sourceTree = "<group>"; };
		04E9D9F7248F9EFF008D92E7 /* CategoryCell.swift */ = {isa = PBXFileReference; lastKnownFileType = sourcecode.swift; path = CategoryCell.swift; sourceTree = "<group>"; };
		04E9D9F8248F9EFF008D92E7 /* CategoryCell.xib */ = {isa = PBXFileReference; lastKnownFileType = file.xib; path = CategoryCell.xib; sourceTree = "<group>"; };
		04E9D9FC248FA525008D92E7 /* CategoriesModel.swift */ = {isa = PBXFileReference; lastKnownFileType = sourcecode.swift; path = CategoriesModel.swift; sourceTree = "<group>"; };
		04E9DA00248FC893008D92E7 /* VideosCollectionViewController.swift */ = {isa = PBXFileReference; lastKnownFileType = sourcecode.swift; path = VideosCollectionViewController.swift; sourceTree = "<group>"; };
		04E9DA01248FC893008D92E7 /* VideosCollectionViewController.xib */ = {isa = PBXFileReference; lastKnownFileType = file.xib; path = VideosCollectionViewController.xib; sourceTree = "<group>"; };
		04E9DA04248FCBAD008D92E7 /* VideoCollectionCell.swift */ = {isa = PBXFileReference; lastKnownFileType = sourcecode.swift; path = VideoCollectionCell.swift; sourceTree = "<group>"; };
		04E9DA05248FCBAD008D92E7 /* VideoCollectionCell.xib */ = {isa = PBXFileReference; lastKnownFileType = file.xib; path = VideoCollectionCell.xib; sourceTree = "<group>"; };
		04E9DA09248FD334008D92E7 /* VCExtension.swift */ = {isa = PBXFileReference; lastKnownFileType = sourcecode.swift; path = VCExtension.swift; sourceTree = "<group>"; };
		04F071182491036700E93B6D /* VideoModel.swift */ = {isa = PBXFileReference; lastKnownFileType = sourcecode.swift; path = VideoModel.swift; sourceTree = "<group>"; };
		085C1932D26470370D1A73B9 /* Pods-tvOSClientTests.debug.xcconfig */ = {isa = PBXFileReference; includeInIndex = 1; lastKnownFileType = text.xcconfig; name = "Pods-tvOSClientTests.debug.xcconfig"; path = "Target Support Files/Pods-tvOSClientTests/Pods-tvOSClientTests.debug.xcconfig"; sourceTree = "<group>"; };
		2422BDFE6608D90591F4B8E4 /* Pods_VimeoClient.framework */ = {isa = PBXFileReference; explicitFileType = wrapper.framework; includeInIndex = 0; path = Pods_VimeoClient.framework; sourceTree = BUILT_PRODUCTS_DIR; };
		526B87ED5C89FACCC63955CE /* Pods_tvOSClient.framework */ = {isa = PBXFileReference; explicitFileType = wrapper.framework; includeInIndex = 0; path = Pods_tvOSClient.framework; sourceTree = BUILT_PRODUCTS_DIR; };
		5B434D998872A2AA556D9A67 /* Pods-VimeoClient.debug.xcconfig */ = {isa = PBXFileReference; includeInIndex = 1; lastKnownFileType = text.xcconfig; name = "Pods-VimeoClient.debug.xcconfig"; path = "Target Support Files/Pods-VimeoClient/Pods-VimeoClient.debug.xcconfig"; sourceTree = "<group>"; };
		73DB6CDD05EA8D8514D3073E /* Pods-tvOSClient.release.xcconfig */ = {isa = PBXFileReference; includeInIndex = 1; lastKnownFileType = text.xcconfig; name = "Pods-tvOSClient.release.xcconfig"; path = "Target Support Files/Pods-tvOSClient/Pods-tvOSClient.release.xcconfig"; sourceTree = "<group>"; };
		7CD6D9F5DC0ABBC0CCBBFDB9 /* Pods-VimeoClientTests.debug.xcconfig */ = {isa = PBXFileReference; includeInIndex = 1; lastKnownFileType = text.xcconfig; name = "Pods-VimeoClientTests.debug.xcconfig"; path = "Target Support Files/Pods-VimeoClientTests/Pods-VimeoClientTests.debug.xcconfig"; sourceTree = "<group>"; };
		8854CD07A37224E30826C011 /* Pods-tvOSClientTests.release.xcconfig */ = {isa = PBXFileReference; includeInIndex = 1; lastKnownFileType = text.xcconfig; name = "Pods-tvOSClientTests.release.xcconfig"; path = "Target Support Files/Pods-tvOSClientTests/Pods-tvOSClientTests.release.xcconfig"; sourceTree = "<group>"; };
		96E2C42D456C5820E69F804D /* Pods_tvOSClientTests.framework */ = {isa = PBXFileReference; explicitFileType = wrapper.framework; includeInIndex = 0; path = Pods_tvOSClientTests.framework; sourceTree = BUILT_PRODUCTS_DIR; };
		A6AAC8CF483678CC5E38DA23 /* Pods-tvOSClient.debug.xcconfig */ = {isa = PBXFileReference; includeInIndex = 1; lastKnownFileType = text.xcconfig; name = "Pods-tvOSClient.debug.xcconfig"; path = "Target Support Files/Pods-tvOSClient/Pods-tvOSClient.debug.xcconfig"; sourceTree = "<group>"; };
		B08B92D48A4A436689915B5B /* Pods_VimeoClientTests.framework */ = {isa = PBXFileReference; explicitFileType = wrapper.framework; includeInIndex = 0; path = Pods_VimeoClientTests.framework; sourceTree = BUILT_PRODUCTS_DIR; };
		B6DE1AC1F71FE3524438EA79 /* Pods-VimeoClientTests.release.xcconfig */ = {isa = PBXFileReference; includeInIndex = 1; lastKnownFileType = text.xcconfig; name = "Pods-VimeoClientTests.release.xcconfig"; path = "Target Support Files/Pods-VimeoClientTests/Pods-VimeoClientTests.release.xcconfig"; sourceTree = "<group>"; };
		F28332B8FF53EB4C8EBFC5C3 /* Pods-VimeoClient.release.xcconfig */ = {isa = PBXFileReference; includeInIndex = 1; lastKnownFileType = text.xcconfig; name = "Pods-VimeoClient.release.xcconfig"; path = "Target Support Files/Pods-VimeoClient/Pods-VimeoClient.release.xcconfig"; sourceTree = "<group>"; };
/* End PBXFileReference section */

/* Begin PBXFrameworksBuildPhase section */
		040E98BA248A1C07007AF099 /* Frameworks */ = {
			isa = PBXFrameworksBuildPhase;
			buildActionMask = 2147483647;
			files = (
				3D357F96FCE7DD0B4ED968D4 /* Pods_VimeoClient.framework in Frameworks */,
			);
			runOnlyForDeploymentPostprocessing = 0;
		};
		040E98D3248A1C09007AF099 /* Frameworks */ = {
			isa = PBXFrameworksBuildPhase;
			buildActionMask = 2147483647;
			files = (
				FEE167ACC7083D0641ACB395 /* Pods_VimeoClientTests.framework in Frameworks */,
			);
			runOnlyForDeploymentPostprocessing = 0;
		};
		040E98E6248A1D7B007AF099 /* Frameworks */ = {
			isa = PBXFrameworksBuildPhase;
			buildActionMask = 2147483647;
			files = (
				CF3C6CD8101142485B97BB75 /* Pods_tvOSClient.framework in Frameworks */,
			);
			runOnlyForDeploymentPostprocessing = 0;
		};
		040E98FC248A1D7D007AF099 /* Frameworks */ = {
			isa = PBXFrameworksBuildPhase;
			buildActionMask = 2147483647;
			files = (
				B2EB896530E7AEDA3184DB62 /* Pods_tvOSClientTests.framework in Frameworks */,
			);
			runOnlyForDeploymentPostprocessing = 0;
		};
/* End PBXFrameworksBuildPhase section */

/* Begin PBXGroup section */
		040764F4249606D500B0D404 /* VideoCollection */ = {
			isa = PBXGroup;
			children = (
				040764F5249606F800B0D404 /* VideoCollectionContainer.swift */,
				040764F6249606F800B0D404 /* VideoCollectionContainer.xib */,
				04E9C594249609B9005733EF /* VideosCollectionViewController.xib */,
				04E9C59A24960B22005733EF /* Cell */,
			);
			path = VideoCollection;
			sourceTree = "<group>";
		};
		040E98B4248A1C07007AF099 = {
			isa = PBXGroup;
			children = (
				048597B22494302700D111CB /* Common */,
				040E98BF248A1C07007AF099 /* VimeoClient */,
				040E98EA248A1D7B007AF099 /* tvOSClient */,
				040E98D9248A1C09007AF099 /* VimeoClientTests */,
				040E9902248A1D7D007AF099 /* tvOSClientTests */,
				040E98BE248A1C07007AF099 /* Products */,
				25C92F758DE95D093C3E8C66 /* Pods */,
				EDDB69411ECE05C4EF113691 /* Frameworks */,
			);
			sourceTree = "<group>";
		};
		040E98BE248A1C07007AF099 /* Products */ = {
			isa = PBXGroup;
			children = (
				040E98BD248A1C07007AF099 /* VimeoClient.app */,
				040E98D6248A1C09007AF099 /* VimeoClientTests.xctest */,
				040E98E9248A1D7B007AF099 /* tvOSClient.app */,
				040E98FF248A1D7D007AF099 /* tvOSClientTests.xctest */,
			);
			name = Products;
			sourceTree = "<group>";
		};
		040E98BF248A1C07007AF099 /* VimeoClient */ = {
			isa = PBXGroup;
			children = (
				04E9C59F24961ADE005733EF /* VideoInfo */,
				040764F4249606D500B0D404 /* VideoCollection */,
				04369E2C2490DBB60042C0C6 /* Categories */,
				040E98C0248A1C07007AF099 /* AppDelegate.swift */,
				040E98C2248A1C07007AF099 /* SceneDelegate.swift */,
				040E98CC248A1C09007AF099 /* Assets.xcassets */,
				040E98CE248A1C09007AF099 /* LaunchScreen.storyboard */,
				04516C852494337900BCB3D4 /* Main.storyboard */,
				040E98D1248A1C09007AF099 /* Info.plist */,
				040E98C9248A1C07007AF099 /* VimeoClient.xcdatamodeld */,
			);
			path = VimeoClient;
			sourceTree = "<group>";
		};
		040E98D9248A1C09007AF099 /* VimeoClientTests */ = {
			isa = PBXGroup;
			children = (
				040E98DA248A1C09007AF099 /* VimeoClientTests.swift */,
				040E98DC248A1C09007AF099 /* Info.plist */,
			);
			path = VimeoClientTests;
			sourceTree = "<group>";
		};
		040E98EA248A1D7B007AF099 /* tvOSClient */ = {
			isa = PBXGroup;
			children = (
				04369E352490FB810042C0C6 /* Search */,
				04369E242490BCE20042C0C6 /* PlayerController */,
				04369E182490A4030042C0C6 /* VideoInfo */,
				04E9D9FF248FC863008D92E7 /* VideosCollection */,
				04E9D9E8248F9C87008D92E7 /* CategoriesTab */,
				040E98EB248A1D7B007AF099 /* AppDelegate.swift */,
				040E98F5248A1D7D007AF099 /* Assets.xcassets */,
				040E98F7248A1D7D007AF099 /* LaunchScreen.storyboard */,
				040E98FA248A1D7D007AF099 /* Info.plist */,
				040E98F2248A1D7B007AF099 /* tvOSClient.xcdatamodeld */,
			);
			path = tvOSClient;
			sourceTree = "<group>";
		};
		040E9902248A1D7D007AF099 /* tvOSClientTests */ = {
			isa = PBXGroup;
			children = (
				040E9903248A1D7D007AF099 /* tvOSClientTests.swift */,
				040E9905248A1D7D007AF099 /* Info.plist */,
			);
			path = tvOSClientTests;
			sourceTree = "<group>";
		};
		040E990C248A1E9F007AF099 /* VideoModel */ = {
			isa = PBXGroup;
			children = (
				04F071172491035200E93B6D /* VideoSearch */,
				04E9D9FB248FA50B008D92E7 /* CategoryModels */,
				040E9919248A4BF3007AF099 /* ErrorDesign */,
				040E9913248A211D007AF099 /* MP4Extractor */,
				040E9914248A2144007AF099 /* APICredits.swift */,
			);
			path = VideoModel;
			sourceTree = "<group>";
		};
		040E9913248A211D007AF099 /* MP4Extractor */ = {
			isa = PBXGroup;
			children = (
				040E990D248A1EB8007AF099 /* HCVimeoVideo.swift */,
				040E990E248A1EB8007AF099 /* HCVimeoVideoExtractor.swift */,
				040E9916248A4931007AF099 /* MP4ExtensionForVimeo.swift */,
			);
			path = MP4Extractor;
			sourceTree = "<group>";
		};
		040E9919248A4BF3007AF099 /* ErrorDesign */ = {
			isa = PBXGroup;
			children = (
				040E991A248A4C05007AF099 /* ErrorStructure.swift */,
			);
			path = ErrorDesign;
			sourceTree = "<group>";
		};
		04369E182490A4030042C0C6 /* VideoInfo */ = {
			isa = PBXGroup;
			children = (
				04369E1C2490B0FD0042C0C6 /* VideoInfoViewController.swift */,
				04369E1D2490B0FD0042C0C6 /* VideoInfoViewController.xib */,
			);
			path = VideoInfo;
			sourceTree = "<group>";
		};
		04369E202490B2E70042C0C6 /* Player */ = {
			isa = PBXGroup;
			children = (
				04369E212490B2FB0042C0C6 /* PlayerView.swift */,
			);
			path = Player;
			sourceTree = "<group>";
		};
		04369E242490BCE20042C0C6 /* PlayerController */ = {
			isa = PBXGroup;
			children = (
			);
			path = PlayerController;
			sourceTree = "<group>";
		};
		04369E2B2490DB890042C0C6 /* Tabbars */ = {
			isa = PBXGroup;
			children = (
				04E9D9CE248F9542008D92E7 /* VimeoTabbarVC.swift */,
			);
			path = Tabbars;
			sourceTree = "<group>";
		};
		04369E2C2490DBB60042C0C6 /* Categories */ = {
			isa = PBXGroup;
			children = (
				04369E2D2490DBBE0042C0C6 /* Cell */,
				048597A924942AFF00D111CB /* CategoriesVC.xib */,
				048597AC24942B9E00D111CB /* CategoriesVCContainer.swift */,
				048597AD24942B9E00D111CB /* CategoriesVCContainer.xib */,
			);
			path = Categories;
			sourceTree = "<group>";
		};
		04369E2D2490DBBE0042C0C6 /* Cell */ = {
			isa = PBXGroup;
			children = (
				04369E302490DBFD0042C0C6 /* CategoryCell.xib */,
			);
			path = Cell;
			sourceTree = "<group>";
		};
		04369E322490DD130042C0C6 /* VideoCollectionController */ = {
			isa = PBXGroup;
			children = (
				04E9DA00248FC893008D92E7 /* VideosCollectionViewController.swift */,
				04E9DA04248FCBAD008D92E7 /* VideoCollectionCell.swift */,
				047AA64524920E3D00538CA1 /* ConfigurableVideoCell.swift */,
			);
			path = VideoCollectionController;
			sourceTree = "<group>";
		};
		04369E352490FB810042C0C6 /* Search */ = {
			isa = PBXGroup;
			children = (
				04369E3A2490FBC50042C0C6 /* SearchController.swift */,
				04369E3B2490FBC50042C0C6 /* SearchController.xib */,
			);
			path = Search;
			sourceTree = "<group>";
		};
		048597B22494302700D111CB /* Common */ = {
			isa = PBXGroup;
			children = (
				04E9DA08248FD314008D92E7 /* Helpers */,
				04E9D9CD248F950E008D92E7 /* CommonUI */,
				040E990C248A1E9F007AF099 /* VideoModel */,
			);
			path = Common;
			sourceTree = "<group>";
		};
		04E9C59A24960B22005733EF /* Cell */ = {
			isa = PBXGroup;
			children = (
				04E9C59624960B1D005733EF /* VideoCollectionSmallCell.swift */,
				04E9C59724960B1D005733EF /* VideoCollectionSmallCell.xib */,
			);
			path = Cell;
			sourceTree = "<group>";
		};
		04E9C59F24961ADE005733EF /* VideoInfo */ = {
			isa = PBXGroup;
			children = (
				04E9C59B24961ADA005733EF /* VideoInfoController.swift */,
				04E9C59C24961ADA005733EF /* VideoInfoController.xib */,
			);
			path = VideoInfo;
			sourceTree = "<group>";
		};
		04E9C5A024961AFD005733EF /* VideoInfo */ = {
			isa = PBXGroup;
			children = (
				04E9C5A124961B1F005733EF /* VideoInfoInterface.swift */,
			);
			path = VideoInfo;
			sourceTree = "<group>";
		};
		04E9D9CD248F950E008D92E7 /* CommonUI */ = {
			isa = PBXGroup;
			children = (
				04E9C5A024961AFD005733EF /* VideoInfo */,
				04369E2B2490DB890042C0C6 /* Tabbars */,
				04369E202490B2E70042C0C6 /* Player */,
				04369E322490DD130042C0C6 /* VideoCollectionController */,
				04E9D9DD248F9A9F008D92E7 /* Categories */,
				04369E192490A4500042C0C6 /* Route.swift */,
				04E9D9D0248F95E7008D92E7 /* CommonAssets.xcassets */,
			);
			path = CommonUI;
			sourceTree = "<group>";
		};
		04E9D9DD248F9A9F008D92E7 /* Categories */ = {
			isa = PBXGroup;
			children = (
				047AA63E2492038700538CA1 /* CategoriesVC.swift */,
				04E9D9F7248F9EFF008D92E7 /* CategoryCell.swift */,
				047AA642249205E000538CA1 /* ConfigurableCategoryCell.swift */,
			);
			path = Categories;
			sourceTree = "<group>";
		};
		04E9D9E8248F9C87008D92E7 /* CategoriesTab */ = {
			isa = PBXGroup;
			children = (
				04E9D9F3248F9EE6008D92E7 /* CategoriesTabContainer.swift */,
				04E9D9F4248F9EE6008D92E7 /* CategoriesTabContainer.xib */,
				04E9D9F8248F9EFF008D92E7 /* CategoryCell.xib */,
				047AA63F2492038700538CA1 /* CategoriesVC.xib */,
			);
			path = CategoriesTab;
			sourceTree = "<group>";
		};
		04E9D9FB248FA50B008D92E7 /* CategoryModels */ = {
			isa = PBXGroup;
			children = (
				04E9D9FC248FA525008D92E7 /* CategoriesModel.swift */,
			);
			path = CategoryModels;
			sourceTree = "<group>";
		};
		04E9D9FF248FC863008D92E7 /* VideosCollection */ = {
			isa = PBXGroup;
			children = (
				04E9DA01248FC893008D92E7 /* VideosCollectionViewController.xib */,
				04E9DA05248FCBAD008D92E7 /* VideoCollectionCell.xib */,
			);
			path = VideosCollection;
			sourceTree = "<group>";
		};
		04E9DA08248FD314008D92E7 /* Helpers */ = {
			isa = PBXGroup;
			children = (
				040E991C248A78BC007AF099 /* TableViewGenericCellsExtension.swift */,
				04E9DA09248FD334008D92E7 /* VCExtension.swift */,
				04369E15248FD97D0042C0C6 /* ImageViewExtension.swift */,
				04369E262490D60D0042C0C6 /* IntExtension.swift */,
			);
			path = Helpers;
			sourceTree = "<group>";
		};
		04F071172491035200E93B6D /* VideoSearch */ = {
			isa = PBXGroup;
			children = (
				04F071182491036700E93B6D /* VideoModel.swift */,
			);
			path = VideoSearch;
			sourceTree = "<group>";
		};
		25C92F758DE95D093C3E8C66 /* Pods */ = {
			isa = PBXGroup;
			children = (
				5B434D998872A2AA556D9A67 /* Pods-VimeoClient.debug.xcconfig */,
				F28332B8FF53EB4C8EBFC5C3 /* Pods-VimeoClient.release.xcconfig */,
				7CD6D9F5DC0ABBC0CCBBFDB9 /* Pods-VimeoClientTests.debug.xcconfig */,
				B6DE1AC1F71FE3524438EA79 /* Pods-VimeoClientTests.release.xcconfig */,
				A6AAC8CF483678CC5E38DA23 /* Pods-tvOSClient.debug.xcconfig */,
				73DB6CDD05EA8D8514D3073E /* Pods-tvOSClient.release.xcconfig */,
				085C1932D26470370D1A73B9 /* Pods-tvOSClientTests.debug.xcconfig */,
				8854CD07A37224E30826C011 /* Pods-tvOSClientTests.release.xcconfig */,
			);
			path = Pods;
			sourceTree = "<group>";
		};
		EDDB69411ECE05C4EF113691 /* Frameworks */ = {
			isa = PBXGroup;
			children = (
				2422BDFE6608D90591F4B8E4 /* Pods_VimeoClient.framework */,
				B08B92D48A4A436689915B5B /* Pods_VimeoClientTests.framework */,
				526B87ED5C89FACCC63955CE /* Pods_tvOSClient.framework */,
				96E2C42D456C5820E69F804D /* Pods_tvOSClientTests.framework */,
			);
			name = Frameworks;
			sourceTree = "<group>";
		};
/* End PBXGroup section */

/* Begin PBXNativeTarget section */
		040E98BC248A1C07007AF099 /* VimeoClient */ = {
			isa = PBXNativeTarget;
			buildConfigurationList = 040E98DF248A1C09007AF099 /* Build configuration list for PBXNativeTarget "VimeoClient" */;
			buildPhases = (
				570C7CB7538B23F5ADFD03C8 /* [CP] Check Pods Manifest.lock */,
				040E98B9248A1C07007AF099 /* Sources */,
				040E98BA248A1C07007AF099 /* Frameworks */,
				040E98BB248A1C07007AF099 /* Resources */,
				24E704C21478911B6BF8460B /* [CP] Embed Pods Frameworks */,
			);
			buildRules = (
			);
			dependencies = (
			);
			name = VimeoClient;
			productName = VimeoClient;
			productReference = 040E98BD248A1C07007AF099 /* VimeoClient.app */;
			productType = "com.apple.product-type.application";
		};
		040E98D5248A1C09007AF099 /* VimeoClientTests */ = {
			isa = PBXNativeTarget;
			buildConfigurationList = 040E98E2248A1C09007AF099 /* Build configuration list for PBXNativeTarget "VimeoClientTests" */;
			buildPhases = (
				191DC9DDC846C026A369A08E /* [CP] Check Pods Manifest.lock */,
				040E98D2248A1C09007AF099 /* Sources */,
				040E98D3248A1C09007AF099 /* Frameworks */,
				040E98D4248A1C09007AF099 /* Resources */,
			);
			buildRules = (
			);
			dependencies = (
				040E98D8248A1C09007AF099 /* PBXTargetDependency */,
			);
			name = VimeoClientTests;
			productName = VimeoClientTests;
			productReference = 040E98D6248A1C09007AF099 /* VimeoClientTests.xctest */;
			productType = "com.apple.product-type.bundle.unit-test";
		};
		040E98E8248A1D7B007AF099 /* tvOSClient */ = {
			isa = PBXNativeTarget;
			buildConfigurationList = 040E990A248A1D7D007AF099 /* Build configuration list for PBXNativeTarget "tvOSClient" */;
			buildPhases = (
				BF6546B4452082DB61F4030A /* [CP] Check Pods Manifest.lock */,
				040E98E5248A1D7B007AF099 /* Sources */,
				040E98E6248A1D7B007AF099 /* Frameworks */,
				040E98E7248A1D7B007AF099 /* Resources */,
				D74E6A33BCCBB6500072F953 /* [CP] Embed Pods Frameworks */,
			);
			buildRules = (
			);
			dependencies = (
			);
			name = tvOSClient;
			productName = tvOSClient;
			productReference = 040E98E9248A1D7B007AF099 /* tvOSClient.app */;
			productType = "com.apple.product-type.application";
		};
		040E98FE248A1D7D007AF099 /* tvOSClientTests */ = {
			isa = PBXNativeTarget;
			buildConfigurationList = 040E990B248A1D7D007AF099 /* Build configuration list for PBXNativeTarget "tvOSClientTests" */;
			buildPhases = (
				2185C6FCE4A0BB2BBE709454 /* [CP] Check Pods Manifest.lock */,
				040E98FB248A1D7D007AF099 /* Sources */,
				040E98FC248A1D7D007AF099 /* Frameworks */,
				040E98FD248A1D7D007AF099 /* Resources */,
			);
			buildRules = (
			);
			dependencies = (
				040E9901248A1D7D007AF099 /* PBXTargetDependency */,
			);
			name = tvOSClientTests;
			productName = tvOSClientTests;
			productReference = 040E98FF248A1D7D007AF099 /* tvOSClientTests.xctest */;
			productType = "com.apple.product-type.bundle.unit-test";
		};
/* End PBXNativeTarget section */

/* Begin PBXProject section */
		040E98B5248A1C07007AF099 /* Project object */ = {
			isa = PBXProject;
			attributes = {
				LastSwiftUpdateCheck = 1150;
				LastUpgradeCheck = 1150;
				ORGANIZATIONNAME = "Uladzislau Abramchuk";
				TargetAttributes = {
					040E98BC248A1C07007AF099 = {
						CreatedOnToolsVersion = 11.5;
					};
					040E98D5248A1C09007AF099 = {
						CreatedOnToolsVersion = 11.5;
						TestTargetID = 040E98BC248A1C07007AF099;
					};
					040E98E8248A1D7B007AF099 = {
						CreatedOnToolsVersion = 11.5;
					};
					040E98FE248A1D7D007AF099 = {
						CreatedOnToolsVersion = 11.5;
						TestTargetID = 040E98E8248A1D7B007AF099;
					};
				};
			};
			buildConfigurationList = 040E98B8248A1C07007AF099 /* Build configuration list for PBXProject "VimeoClient" */;
			compatibilityVersion = "Xcode 9.3";
			developmentRegion = en;
			hasScannedForEncodings = 0;
			knownRegions = (
				en,
				Base,
			);
			mainGroup = 040E98B4248A1C07007AF099;
			productRefGroup = 040E98BE248A1C07007AF099 /* Products */;
			projectDirPath = "";
			projectRoot = "";
			targets = (
				040E98BC248A1C07007AF099 /* VimeoClient */,
				040E98D5248A1C09007AF099 /* VimeoClientTests */,
				040E98E8248A1D7B007AF099 /* tvOSClient */,
				040E98FE248A1D7D007AF099 /* tvOSClientTests */,
			);
		};
/* End PBXProject section */

/* Begin PBXResourcesBuildPhase section */
		040E98BB248A1C07007AF099 /* Resources */ = {
			isa = PBXResourcesBuildPhase;
			buildActionMask = 2147483647;
			files = (
				04516C862494337900BCB3D4 /* Main.storyboard in Resources */,
				04E9C595249609B9005733EF /* VideosCollectionViewController.xib in Resources */,
				048597AA24942AFF00D111CB /* CategoriesVC.xib in Resources */,
				04E9C59924960B1D005733EF /* VideoCollectionSmallCell.xib in Resources */,
				04369E312490DBFD0042C0C6 /* CategoryCell.xib in Resources */,
				04E9C59E24961ADA005733EF /* VideoInfoController.xib in Resources */,
				040764F8249606F800B0D404 /* VideoCollectionContainer.xib in Resources */,
				048597AF24942B9E00D111CB /* CategoriesVCContainer.xib in Resources */,
				040E98D0248A1C09007AF099 /* LaunchScreen.storyboard in Resources */,
				04E9D9D1248F95E7008D92E7 /* CommonAssets.xcassets in Resources */,
				040E98CD248A1C09007AF099 /* Assets.xcassets in Resources */,
			);
			runOnlyForDeploymentPostprocessing = 0;
		};
		040E98D4248A1C09007AF099 /* Resources */ = {
			isa = PBXResourcesBuildPhase;
			buildActionMask = 2147483647;
			files = (
			);
			runOnlyForDeploymentPostprocessing = 0;
		};
		040E98E7248A1D7B007AF099 /* Resources */ = {
			isa = PBXResourcesBuildPhase;
			buildActionMask = 2147483647;
			files = (
				047AA6412492038700538CA1 /* CategoriesVC.xib in Resources */,
				04E9D9FA248F9EFF008D92E7 /* CategoryCell.xib in Resources */,
				040E98F9248A1D7D007AF099 /* LaunchScreen.storyboard in Resources */,
				04E9D9D2248F95E7008D92E7 /* CommonAssets.xcassets in Resources */,
				04E9D9F6248F9EE6008D92E7 /* CategoriesTabContainer.xib in Resources */,
				04E9DA07248FCBAD008D92E7 /* VideoCollectionCell.xib in Resources */,
				04E9DA03248FC893008D92E7 /* VideosCollectionViewController.xib in Resources */,
				04369E1F2490B0FD0042C0C6 /* VideoInfoViewController.xib in Resources */,
				04369E3D2490FBC50042C0C6 /* SearchController.xib in Resources */,
				040E98F6248A1D7D007AF099 /* Assets.xcassets in Resources */,
			);
			runOnlyForDeploymentPostprocessing = 0;
		};
		040E98FD248A1D7D007AF099 /* Resources */ = {
			isa = PBXResourcesBuildPhase;
			buildActionMask = 2147483647;
			files = (
			);
			runOnlyForDeploymentPostprocessing = 0;
		};
/* End PBXResourcesBuildPhase section */

/* Begin PBXShellScriptBuildPhase section */
		191DC9DDC846C026A369A08E /* [CP] Check Pods Manifest.lock */ = {
			isa = PBXShellScriptBuildPhase;
			buildActionMask = 2147483647;
			files = (
			);
			inputFileListPaths = (
			);
			inputPaths = (
				"${PODS_PODFILE_DIR_PATH}/Podfile.lock",
				"${PODS_ROOT}/Manifest.lock",
			);
			name = "[CP] Check Pods Manifest.lock";
			outputFileListPaths = (
			);
			outputPaths = (
				"$(DERIVED_FILE_DIR)/Pods-VimeoClientTests-checkManifestLockResult.txt",
			);
			runOnlyForDeploymentPostprocessing = 0;
			shellPath = /bin/sh;
			shellScript = "diff \"${PODS_PODFILE_DIR_PATH}/Podfile.lock\" \"${PODS_ROOT}/Manifest.lock\" > /dev/null\nif [ $? != 0 ] ; then\n    # print error to STDERR\n    echo \"error: The sandbox is not in sync with the Podfile.lock. Run 'pod install' or update your CocoaPods installation.\" >&2\n    exit 1\nfi\n# This output is used by Xcode 'outputs' to avoid re-running this script phase.\necho \"SUCCESS\" > \"${SCRIPT_OUTPUT_FILE_0}\"\n";
			showEnvVarsInLog = 0;
		};
		2185C6FCE4A0BB2BBE709454 /* [CP] Check Pods Manifest.lock */ = {
			isa = PBXShellScriptBuildPhase;
			buildActionMask = 2147483647;
			files = (
			);
			inputFileListPaths = (
			);
			inputPaths = (
				"${PODS_PODFILE_DIR_PATH}/Podfile.lock",
				"${PODS_ROOT}/Manifest.lock",
			);
			name = "[CP] Check Pods Manifest.lock";
			outputFileListPaths = (
			);
			outputPaths = (
				"$(DERIVED_FILE_DIR)/Pods-tvOSClientTests-checkManifestLockResult.txt",
			);
			runOnlyForDeploymentPostprocessing = 0;
			shellPath = /bin/sh;
			shellScript = "diff \"${PODS_PODFILE_DIR_PATH}/Podfile.lock\" \"${PODS_ROOT}/Manifest.lock\" > /dev/null\nif [ $? != 0 ] ; then\n    # print error to STDERR\n    echo \"error: The sandbox is not in sync with the Podfile.lock. Run 'pod install' or update your CocoaPods installation.\" >&2\n    exit 1\nfi\n# This output is used by Xcode 'outputs' to avoid re-running this script phase.\necho \"SUCCESS\" > \"${SCRIPT_OUTPUT_FILE_0}\"\n";
			showEnvVarsInLog = 0;
		};
		24E704C21478911B6BF8460B /* [CP] Embed Pods Frameworks */ = {
			isa = PBXShellScriptBuildPhase;
			buildActionMask = 2147483647;
			files = (
			);
			inputFileListPaths = (
				"${PODS_ROOT}/Target Support Files/Pods-VimeoClient/Pods-VimeoClient-frameworks-${CONFIGURATION}-input-files.xcfilelist",
			);
			name = "[CP] Embed Pods Frameworks";
			outputFileListPaths = (
				"${PODS_ROOT}/Target Support Files/Pods-VimeoClient/Pods-VimeoClient-frameworks-${CONFIGURATION}-output-files.xcfilelist",
			);
			runOnlyForDeploymentPostprocessing = 0;
			shellPath = /bin/sh;
			shellScript = "\"${PODS_ROOT}/Target Support Files/Pods-VimeoClient/Pods-VimeoClient-frameworks.sh\"\n";
			showEnvVarsInLog = 0;
		};
		570C7CB7538B23F5ADFD03C8 /* [CP] Check Pods Manifest.lock */ = {
			isa = PBXShellScriptBuildPhase;
			buildActionMask = 2147483647;
			files = (
			);
			inputFileListPaths = (
			);
			inputPaths = (
				"${PODS_PODFILE_DIR_PATH}/Podfile.lock",
				"${PODS_ROOT}/Manifest.lock",
			);
			name = "[CP] Check Pods Manifest.lock";
			outputFileListPaths = (
			);
			outputPaths = (
				"$(DERIVED_FILE_DIR)/Pods-VimeoClient-checkManifestLockResult.txt",
			);
			runOnlyForDeploymentPostprocessing = 0;
			shellPath = /bin/sh;
			shellScript = "diff \"${PODS_PODFILE_DIR_PATH}/Podfile.lock\" \"${PODS_ROOT}/Manifest.lock\" > /dev/null\nif [ $? != 0 ] ; then\n    # print error to STDERR\n    echo \"error: The sandbox is not in sync with the Podfile.lock. Run 'pod install' or update your CocoaPods installation.\" >&2\n    exit 1\nfi\n# This output is used by Xcode 'outputs' to avoid re-running this script phase.\necho \"SUCCESS\" > \"${SCRIPT_OUTPUT_FILE_0}\"\n";
			showEnvVarsInLog = 0;
		};
		BF6546B4452082DB61F4030A /* [CP] Check Pods Manifest.lock */ = {
			isa = PBXShellScriptBuildPhase;
			buildActionMask = 2147483647;
			files = (
			);
			inputFileListPaths = (
			);
			inputPaths = (
				"${PODS_PODFILE_DIR_PATH}/Podfile.lock",
				"${PODS_ROOT}/Manifest.lock",
			);
			name = "[CP] Check Pods Manifest.lock";
			outputFileListPaths = (
			);
			outputPaths = (
				"$(DERIVED_FILE_DIR)/Pods-tvOSClient-checkManifestLockResult.txt",
			);
			runOnlyForDeploymentPostprocessing = 0;
			shellPath = /bin/sh;
			shellScript = "diff \"${PODS_PODFILE_DIR_PATH}/Podfile.lock\" \"${PODS_ROOT}/Manifest.lock\" > /dev/null\nif [ $? != 0 ] ; then\n    # print error to STDERR\n    echo \"error: The sandbox is not in sync with the Podfile.lock. Run 'pod install' or update your CocoaPods installation.\" >&2\n    exit 1\nfi\n# This output is used by Xcode 'outputs' to avoid re-running this script phase.\necho \"SUCCESS\" > \"${SCRIPT_OUTPUT_FILE_0}\"\n";
			showEnvVarsInLog = 0;
		};
		D74E6A33BCCBB6500072F953 /* [CP] Embed Pods Frameworks */ = {
			isa = PBXShellScriptBuildPhase;
			buildActionMask = 2147483647;
			files = (
			);
			inputFileListPaths = (
				"${PODS_ROOT}/Target Support Files/Pods-tvOSClient/Pods-tvOSClient-frameworks-${CONFIGURATION}-input-files.xcfilelist",
			);
			name = "[CP] Embed Pods Frameworks";
			outputFileListPaths = (
				"${PODS_ROOT}/Target Support Files/Pods-tvOSClient/Pods-tvOSClient-frameworks-${CONFIGURATION}-output-files.xcfilelist",
			);
			runOnlyForDeploymentPostprocessing = 0;
			shellPath = /bin/sh;
			shellScript = "\"${PODS_ROOT}/Target Support Files/Pods-tvOSClient/Pods-tvOSClient-frameworks.sh\"\n";
			showEnvVarsInLog = 0;
		};
/* End PBXShellScriptBuildPhase section */

/* Begin PBXSourcesBuildPhase section */
		040E98B9248A1C07007AF099 /* Sources */ = {
			isa = PBXSourcesBuildPhase;
			buildActionMask = 2147483647;
			files = (
				040E9915248A2144007AF099 /* APICredits.swift in Sources */,
				047AA643249205E000538CA1 /* ConfigurableCategoryCell.swift in Sources */,
				040E9911248A1EB8007AF099 /* HCVimeoVideoExtractor.swift in Sources */,
				048597B124942F9A00D111CB /* VimeoTabbarVC.swift in Sources */,
				040E9917248A4931007AF099 /* MP4ExtensionForVimeo.swift in Sources */,
				04369E222490B2FB0042C0C6 /* PlayerView.swift in Sources */,
				04369E1A2490A4500042C0C6 /* Route.swift in Sources */,
				048597AB24942B1800D111CB /* CategoriesVC.swift in Sources */,
				047AA64624920E3D00538CA1 /* ConfigurableVideoCell.swift in Sources */,
				04E9C59D24961ADA005733EF /* VideoInfoController.swift in Sources */,
				04369E292490D9F90042C0C6 /* CategoryCell.swift in Sources */,
				040E990F248A1EB8007AF099 /* HCVimeoVideo.swift in Sources */,
				04369E342490DD4E0042C0C6 /* VideoCollectionCell.swift in Sources */,
				040E991B248A4C05007AF099 /* ErrorStructure.swift in Sources */,
				040E98C1248A1C07007AF099 /* AppDelegate.swift in Sources */,
				04369E16248FD97D0042C0C6 /* ImageViewExtension.swift in Sources */,
				04E9C59824960B1D005733EF /* VideoCollectionSmallCell.swift in Sources */,
				040764F7249606F800B0D404 /* VideoCollectionContainer.swift in Sources */,
				040E991D248A78BC007AF099 /* TableViewGenericCellsExtension.swift in Sources */,
				04369E272490D60D0042C0C6 /* IntExtension.swift in Sources */,
				040E98C3248A1C07007AF099 /* SceneDelegate.swift in Sources */,
				04E9D9FD248FA525008D92E7 /* CategoriesModel.swift in Sources */,
				04E9DA0A248FD334008D92E7 /* VCExtension.swift in Sources */,
				04E9C5A224961B1F005733EF /* VideoInfoInterface.swift in Sources */,
				04369E332490DD350042C0C6 /* VideosCollectionViewController.swift in Sources */,
				040E98CB248A1C07007AF099 /* VimeoClient.xcdatamodeld in Sources */,
				048597AE24942B9E00D111CB /* CategoriesVCContainer.swift in Sources */,
				04F071192491036700E93B6D /* VideoModel.swift in Sources */,
			);
			runOnlyForDeploymentPostprocessing = 0;
		};
		040E98D2248A1C09007AF099 /* Sources */ = {
			isa = PBXSourcesBuildPhase;
			buildActionMask = 2147483647;
			files = (
				040E98DB248A1C09007AF099 /* VimeoClientTests.swift in Sources */,
			);
			runOnlyForDeploymentPostprocessing = 0;
		};
		040E98E5248A1D7B007AF099 /* Sources */ = {
			isa = PBXSourcesBuildPhase;
			buildActionMask = 2147483647;
			files = (
				040E9918248A4A3D007AF099 /* MP4ExtensionForVimeo.swift in Sources */,
				040E9912248A1EB8007AF099 /* HCVimeoVideoExtractor.swift in Sources */,
				04E9DA02248FC893008D92E7 /* VideosCollectionViewController.swift in Sources */,
				04E9D9D5248F970A008D92E7 /* APICredits.swift in Sources */,
				04E9D9D4248F9703008D92E7 /* ErrorStructure.swift in Sources */,
				04E9DA0B248FD334008D92E7 /* VCExtension.swift in Sources */,
				04E9DA06248FCBAD008D92E7 /* VideoCollectionCell.swift in Sources */,
				047AA6402492038700538CA1 /* CategoriesVC.swift in Sources */,
				04E9D9F5248F9EE6008D92E7 /* CategoriesTabContainer.swift in Sources */,
				040E98EC248A1D7B007AF099 /* AppDelegate.swift in Sources */,
				04369E1B2490A4500042C0C6 /* Route.swift in Sources */,
				047AA64724920E3D00538CA1 /* ConfigurableVideoCell.swift in Sources */,
				04369E3C2490FBC50042C0C6 /* SearchController.swift in Sources */,
				040E98F4248A1D7B007AF099 /* tvOSClient.xcdatamodeld in Sources */,
				04E9D9D6248F970D008D92E7 /* TableViewGenericCellsExtension.swift in Sources */,
				04E9C5A324961B1F005733EF /* VideoInfoInterface.swift in Sources */,
				04369E1E2490B0FD0042C0C6 /* VideoInfoViewController.swift in Sources */,
				04369E282490D60D0042C0C6 /* IntExtension.swift in Sources */,
				047AA644249205E000538CA1 /* ConfigurableCategoryCell.swift in Sources */,
				040E9910248A1EB8007AF099 /* HCVimeoVideo.swift in Sources */,
				04E9D9D3248F95EC008D92E7 /* VimeoTabbarVC.swift in Sources */,
				04E9D9FE248FA525008D92E7 /* CategoriesModel.swift in Sources */,
				04369E17248FD97D0042C0C6 /* ImageViewExtension.swift in Sources */,
				04F0711A2491036700E93B6D /* VideoModel.swift in Sources */,
				04369E232490B2FB0042C0C6 /* PlayerView.swift in Sources */,
				04E9D9F9248F9EFF008D92E7 /* CategoryCell.swift in Sources */,
			);
			runOnlyForDeploymentPostprocessing = 0;
		};
		040E98FB248A1D7D007AF099 /* Sources */ = {
			isa = PBXSourcesBuildPhase;
			buildActionMask = 2147483647;
			files = (
				040E9904248A1D7D007AF099 /* tvOSClientTests.swift in Sources */,
			);
			runOnlyForDeploymentPostprocessing = 0;
		};
/* End PBXSourcesBuildPhase section */

/* Begin PBXTargetDependency section */
		040E98D8248A1C09007AF099 /* PBXTargetDependency */ = {
			isa = PBXTargetDependency;
			target = 040E98BC248A1C07007AF099 /* VimeoClient */;
			targetProxy = 040E98D7248A1C09007AF099 /* PBXContainerItemProxy */;
		};
		040E9901248A1D7D007AF099 /* PBXTargetDependency */ = {
			isa = PBXTargetDependency;
			target = 040E98E8248A1D7B007AF099 /* tvOSClient */;
			targetProxy = 040E9900248A1D7D007AF099 /* PBXContainerItemProxy */;
		};
/* End PBXTargetDependency section */

/* Begin PBXVariantGroup section */
		040E98CE248A1C09007AF099 /* LaunchScreen.storyboard */ = {
			isa = PBXVariantGroup;
			children = (
				040E98CF248A1C09007AF099 /* Base */,
			);
			name = LaunchScreen.storyboard;
			sourceTree = "<group>";
		};
		040E98F7248A1D7D007AF099 /* LaunchScreen.storyboard */ = {
			isa = PBXVariantGroup;
			children = (
				040E98F8248A1D7D007AF099 /* Base */,
			);
			name = LaunchScreen.storyboard;
			sourceTree = "<group>";
		};
/* End PBXVariantGroup section */

/* Begin XCBuildConfiguration section */
		040E98DD248A1C09007AF099 /* Debug */ = {
			isa = XCBuildConfiguration;
			buildSettings = {
				ALWAYS_SEARCH_USER_PATHS = NO;
				CLANG_ANALYZER_NONNULL = YES;
				CLANG_ANALYZER_NUMBER_OBJECT_CONVERSION = YES_AGGRESSIVE;
				CLANG_CXX_LANGUAGE_STANDARD = "gnu++14";
				CLANG_CXX_LIBRARY = "libc++";
				CLANG_ENABLE_MODULES = YES;
				CLANG_ENABLE_OBJC_ARC = YES;
				CLANG_ENABLE_OBJC_WEAK = YES;
				CLANG_WARN_BLOCK_CAPTURE_AUTORELEASING = YES;
				CLANG_WARN_BOOL_CONVERSION = YES;
				CLANG_WARN_COMMA = YES;
				CLANG_WARN_CONSTANT_CONVERSION = YES;
				CLANG_WARN_DEPRECATED_OBJC_IMPLEMENTATIONS = YES;
				CLANG_WARN_DIRECT_OBJC_ISA_USAGE = YES_ERROR;
				CLANG_WARN_DOCUMENTATION_COMMENTS = YES;
				CLANG_WARN_EMPTY_BODY = YES;
				CLANG_WARN_ENUM_CONVERSION = YES;
				CLANG_WARN_INFINITE_RECURSION = YES;
				CLANG_WARN_INT_CONVERSION = YES;
				CLANG_WARN_NON_LITERAL_NULL_CONVERSION = YES;
				CLANG_WARN_OBJC_IMPLICIT_RETAIN_SELF = YES;
				CLANG_WARN_OBJC_LITERAL_CONVERSION = YES;
				CLANG_WARN_OBJC_ROOT_CLASS = YES_ERROR;
				CLANG_WARN_RANGE_LOOP_ANALYSIS = YES;
				CLANG_WARN_STRICT_PROTOTYPES = YES;
				CLANG_WARN_SUSPICIOUS_MOVE = YES;
				CLANG_WARN_UNGUARDED_AVAILABILITY = YES_AGGRESSIVE;
				CLANG_WARN_UNREACHABLE_CODE = YES;
				CLANG_WARN__DUPLICATE_METHOD_MATCH = YES;
				COPY_PHASE_STRIP = NO;
				DEBUG_INFORMATION_FORMAT = dwarf;
				ENABLE_STRICT_OBJC_MSGSEND = YES;
				ENABLE_TESTABILITY = YES;
				GCC_C_LANGUAGE_STANDARD = gnu11;
				GCC_DYNAMIC_NO_PIC = NO;
				GCC_NO_COMMON_BLOCKS = YES;
				GCC_OPTIMIZATION_LEVEL = 0;
				GCC_PREPROCESSOR_DEFINITIONS = (
					"DEBUG=1",
					"$(inherited)",
				);
				GCC_WARN_64_TO_32_BIT_CONVERSION = YES;
				GCC_WARN_ABOUT_RETURN_TYPE = YES_ERROR;
				GCC_WARN_UNDECLARED_SELECTOR = YES;
				GCC_WARN_UNINITIALIZED_AUTOS = YES_AGGRESSIVE;
				GCC_WARN_UNUSED_FUNCTION = YES;
				GCC_WARN_UNUSED_VARIABLE = YES;
				IPHONEOS_DEPLOYMENT_TARGET = 13.5;
				MTL_ENABLE_DEBUG_INFO = INCLUDE_SOURCE;
				MTL_FAST_MATH = YES;
				ONLY_ACTIVE_ARCH = YES;
				SDKROOT = iphoneos;
				SWIFT_ACTIVE_COMPILATION_CONDITIONS = DEBUG;
				SWIFT_OPTIMIZATION_LEVEL = "-Onone";
			};
			name = Debug;
		};
		040E98DE248A1C09007AF099 /* Release */ = {
			isa = XCBuildConfiguration;
			buildSettings = {
				ALWAYS_SEARCH_USER_PATHS = NO;
				CLANG_ANALYZER_NONNULL = YES;
				CLANG_ANALYZER_NUMBER_OBJECT_CONVERSION = YES_AGGRESSIVE;
				CLANG_CXX_LANGUAGE_STANDARD = "gnu++14";
				CLANG_CXX_LIBRARY = "libc++";
				CLANG_ENABLE_MODULES = YES;
				CLANG_ENABLE_OBJC_ARC = YES;
				CLANG_ENABLE_OBJC_WEAK = YES;
				CLANG_WARN_BLOCK_CAPTURE_AUTORELEASING = YES;
				CLANG_WARN_BOOL_CONVERSION = YES;
				CLANG_WARN_COMMA = YES;
				CLANG_WARN_CONSTANT_CONVERSION = YES;
				CLANG_WARN_DEPRECATED_OBJC_IMPLEMENTATIONS = YES;
				CLANG_WARN_DIRECT_OBJC_ISA_USAGE = YES_ERROR;
				CLANG_WARN_DOCUMENTATION_COMMENTS = YES;
				CLANG_WARN_EMPTY_BODY = YES;
				CLANG_WARN_ENUM_CONVERSION = YES;
				CLANG_WARN_INFINITE_RECURSION = YES;
				CLANG_WARN_INT_CONVERSION = YES;
				CLANG_WARN_NON_LITERAL_NULL_CONVERSION = YES;
				CLANG_WARN_OBJC_IMPLICIT_RETAIN_SELF = YES;
				CLANG_WARN_OBJC_LITERAL_CONVERSION = YES;
				CLANG_WARN_OBJC_ROOT_CLASS = YES_ERROR;
				CLANG_WARN_RANGE_LOOP_ANALYSIS = YES;
				CLANG_WARN_STRICT_PROTOTYPES = YES;
				CLANG_WARN_SUSPICIOUS_MOVE = YES;
				CLANG_WARN_UNGUARDED_AVAILABILITY = YES_AGGRESSIVE;
				CLANG_WARN_UNREACHABLE_CODE = YES;
				CLANG_WARN__DUPLICATE_METHOD_MATCH = YES;
				COPY_PHASE_STRIP = NO;
				DEBUG_INFORMATION_FORMAT = "dwarf-with-dsym";
				ENABLE_NS_ASSERTIONS = NO;
				ENABLE_STRICT_OBJC_MSGSEND = YES;
				GCC_C_LANGUAGE_STANDARD = gnu11;
				GCC_NO_COMMON_BLOCKS = YES;
				GCC_WARN_64_TO_32_BIT_CONVERSION = YES;
				GCC_WARN_ABOUT_RETURN_TYPE = YES_ERROR;
				GCC_WARN_UNDECLARED_SELECTOR = YES;
				GCC_WARN_UNINITIALIZED_AUTOS = YES_AGGRESSIVE;
				GCC_WARN_UNUSED_FUNCTION = YES;
				GCC_WARN_UNUSED_VARIABLE = YES;
				IPHONEOS_DEPLOYMENT_TARGET = 13.5;
				MTL_ENABLE_DEBUG_INFO = NO;
				MTL_FAST_MATH = YES;
				SDKROOT = iphoneos;
				SWIFT_COMPILATION_MODE = wholemodule;
				SWIFT_OPTIMIZATION_LEVEL = "-O";
				VALIDATE_PRODUCT = YES;
			};
			name = Release;
		};
		040E98E0248A1C09007AF099 /* Debug */ = {
			isa = XCBuildConfiguration;
			baseConfigurationReference = 5B434D998872A2AA556D9A67 /* Pods-VimeoClient.debug.xcconfig */;
			buildSettings = {
				ASSETCATALOG_COMPILER_APPICON_NAME = AppIcon;
				CODE_SIGN_STYLE = Automatic;
				INFOPLIST_FILE = VimeoClient/Info.plist;
				IPHONEOS_DEPLOYMENT_TARGET = 13.0;
				LD_RUNPATH_SEARCH_PATHS = (
					"$(inherited)",
					"@executable_path/Frameworks",
				);
				PRODUCT_BUNDLE_IDENTIFIER = v.abr.svt.VimeoClient;
				PRODUCT_NAME = "$(TARGET_NAME)";
				SWIFT_VERSION = 5.0;
				TARGETED_DEVICE_FAMILY = "1,2";
			};
			name = Debug;
		};
		040E98E1248A1C09007AF099 /* Release */ = {
			isa = XCBuildConfiguration;
			baseConfigurationReference = F28332B8FF53EB4C8EBFC5C3 /* Pods-VimeoClient.release.xcconfig */;
			buildSettings = {
				ASSETCATALOG_COMPILER_APPICON_NAME = AppIcon;
				CODE_SIGN_STYLE = Automatic;
				INFOPLIST_FILE = VimeoClient/Info.plist;
				IPHONEOS_DEPLOYMENT_TARGET = 13.0;
				LD_RUNPATH_SEARCH_PATHS = (
					"$(inherited)",
					"@executable_path/Frameworks",
				);
				PRODUCT_BUNDLE_IDENTIFIER = v.abr.svt.VimeoClient;
				PRODUCT_NAME = "$(TARGET_NAME)";
				SWIFT_VERSION = 5.0;
				TARGETED_DEVICE_FAMILY = "1,2";
			};
			name = Release;
		};
		040E98E3248A1C09007AF099 /* Debug */ = {
			isa = XCBuildConfiguration;
			baseConfigurationReference = 7CD6D9F5DC0ABBC0CCBBFDB9 /* Pods-VimeoClientTests.debug.xcconfig */;
			buildSettings = {
				ALWAYS_EMBED_SWIFT_STANDARD_LIBRARIES = YES;
				BUNDLE_LOADER = "$(TEST_HOST)";
				CODE_SIGN_STYLE = Automatic;
				INFOPLIST_FILE = VimeoClientTests/Info.plist;
				IPHONEOS_DEPLOYMENT_TARGET = 13.5;
				LD_RUNPATH_SEARCH_PATHS = (
					"$(inherited)",
					"@executable_path/Frameworks",
					"@loader_path/Frameworks",
				);
				PRODUCT_BUNDLE_IDENTIFIER = v.abr.svt.VimeoClientTests;
				PRODUCT_NAME = "$(TARGET_NAME)";
				SWIFT_VERSION = 5.0;
				TARGETED_DEVICE_FAMILY = "1,2";
				TEST_HOST = "$(BUILT_PRODUCTS_DIR)/VimeoClient.app/VimeoClient";
			};
			name = Debug;
		};
		040E98E4248A1C09007AF099 /* Release */ = {
			isa = XCBuildConfiguration;
			baseConfigurationReference = B6DE1AC1F71FE3524438EA79 /* Pods-VimeoClientTests.release.xcconfig */;
			buildSettings = {
				ALWAYS_EMBED_SWIFT_STANDARD_LIBRARIES = YES;
				BUNDLE_LOADER = "$(TEST_HOST)";
				CODE_SIGN_STYLE = Automatic;
				INFOPLIST_FILE = VimeoClientTests/Info.plist;
				IPHONEOS_DEPLOYMENT_TARGET = 13.5;
				LD_RUNPATH_SEARCH_PATHS = (
					"$(inherited)",
					"@executable_path/Frameworks",
					"@loader_path/Frameworks",
				);
				PRODUCT_BUNDLE_IDENTIFIER = v.abr.svt.VimeoClientTests;
				PRODUCT_NAME = "$(TARGET_NAME)";
				SWIFT_VERSION = 5.0;
				TARGETED_DEVICE_FAMILY = "1,2";
				TEST_HOST = "$(BUILT_PRODUCTS_DIR)/VimeoClient.app/VimeoClient";
			};
			name = Release;
		};
		040E9906248A1D7D007AF099 /* Debug */ = {
			isa = XCBuildConfiguration;
			baseConfigurationReference = A6AAC8CF483678CC5E38DA23 /* Pods-tvOSClient.debug.xcconfig */;
			buildSettings = {
				ASSETCATALOG_COMPILER_APPICON_NAME = "App Icon & Top Shelf Image";
				CODE_SIGN_STYLE = Automatic;
				INFOPLIST_FILE = tvOSClient/Info.plist;
				LD_RUNPATH_SEARCH_PATHS = (
					"$(inherited)",
					"@executable_path/Frameworks",
				);
				PRODUCT_BUNDLE_IDENTIFIER = v.abr.svt.tvOSClient;
				PRODUCT_NAME = "$(TARGET_NAME)";
				SDKROOT = appletvos;
				SWIFT_VERSION = 5.0;
				TARGETED_DEVICE_FAMILY = 3;
				TVOS_DEPLOYMENT_TARGET = 13.4;
			};
			name = Debug;
		};
		040E9907248A1D7D007AF099 /* Release */ = {
			isa = XCBuildConfiguration;
			baseConfigurationReference = 73DB6CDD05EA8D8514D3073E /* Pods-tvOSClient.release.xcconfig */;
			buildSettings = {
				ASSETCATALOG_COMPILER_APPICON_NAME = "App Icon & Top Shelf Image";
				CODE_SIGN_STYLE = Automatic;
				INFOPLIST_FILE = tvOSClient/Info.plist;
				LD_RUNPATH_SEARCH_PATHS = (
					"$(inherited)",
					"@executable_path/Frameworks",
				);
				PRODUCT_BUNDLE_IDENTIFIER = v.abr.svt.tvOSClient;
				PRODUCT_NAME = "$(TARGET_NAME)";
				SDKROOT = appletvos;
				SWIFT_VERSION = 5.0;
				TARGETED_DEVICE_FAMILY = 3;
				TVOS_DEPLOYMENT_TARGET = 13.4;
			};
			name = Release;
		};
		040E9908248A1D7D007AF099 /* Debug */ = {
			isa = XCBuildConfiguration;
			baseConfigurationReference = 085C1932D26470370D1A73B9 /* Pods-tvOSClientTests.debug.xcconfig */;
			buildSettings = {
				ALWAYS_EMBED_SWIFT_STANDARD_LIBRARIES = YES;
				BUNDLE_LOADER = "$(TEST_HOST)";
				CODE_SIGN_STYLE = Automatic;
				INFOPLIST_FILE = tvOSClientTests/Info.plist;
				LD_RUNPATH_SEARCH_PATHS = (
					"$(inherited)",
					"@executable_path/Frameworks",
					"@loader_path/Frameworks",
				);
				PRODUCT_BUNDLE_IDENTIFIER = v.abr.svt.tvOSClientTests;
				PRODUCT_NAME = "$(TARGET_NAME)";
				SDKROOT = appletvos;
				SWIFT_VERSION = 5.0;
				TARGETED_DEVICE_FAMILY = 3;
				TEST_HOST = "$(BUILT_PRODUCTS_DIR)/tvOSClient.app/tvOSClient";
				TVOS_DEPLOYMENT_TARGET = 13.4;
			};
			name = Debug;
		};
		040E9909248A1D7D007AF099 /* Release */ = {
			isa = XCBuildConfiguration;
			baseConfigurationReference = 8854CD07A37224E30826C011 /* Pods-tvOSClientTests.release.xcconfig */;
			buildSettings = {
				ALWAYS_EMBED_SWIFT_STANDARD_LIBRARIES = YES;
				BUNDLE_LOADER = "$(TEST_HOST)";
				CODE_SIGN_STYLE = Automatic;
				INFOPLIST_FILE = tvOSClientTests/Info.plist;
				LD_RUNPATH_SEARCH_PATHS = (
					"$(inherited)",
					"@executable_path/Frameworks",
					"@loader_path/Frameworks",
				);
				PRODUCT_BUNDLE_IDENTIFIER = v.abr.svt.tvOSClientTests;
				PRODUCT_NAME = "$(TARGET_NAME)";
				SDKROOT = appletvos;
				SWIFT_VERSION = 5.0;
				TARGETED_DEVICE_FAMILY = 3;
				TEST_HOST = "$(BUILT_PRODUCTS_DIR)/tvOSClient.app/tvOSClient";
				TVOS_DEPLOYMENT_TARGET = 13.4;
			};
			name = Release;
		};
/* End XCBuildConfiguration section */

/* Begin XCConfigurationList section */
		040E98B8248A1C07007AF099 /* Build configuration list for PBXProject "VimeoClient" */ = {
			isa = XCConfigurationList;
			buildConfigurations = (
				040E98DD248A1C09007AF099 /* Debug */,
				040E98DE248A1C09007AF099 /* Release */,
			);
			defaultConfigurationIsVisible = 0;
			defaultConfigurationName = Release;
		};
		040E98DF248A1C09007AF099 /* Build configuration list for PBXNativeTarget "VimeoClient" */ = {
			isa = XCConfigurationList;
			buildConfigurations = (
				040E98E0248A1C09007AF099 /* Debug */,
				040E98E1248A1C09007AF099 /* Release */,
			);
			defaultConfigurationIsVisible = 0;
			defaultConfigurationName = Release;
		};
		040E98E2248A1C09007AF099 /* Build configuration list for PBXNativeTarget "VimeoClientTests" */ = {
			isa = XCConfigurationList;
			buildConfigurations = (
				040E98E3248A1C09007AF099 /* Debug */,
				040E98E4248A1C09007AF099 /* Release */,
			);
			defaultConfigurationIsVisible = 0;
			defaultConfigurationName = Release;
		};
		040E990A248A1D7D007AF099 /* Build configuration list for PBXNativeTarget "tvOSClient" */ = {
			isa = XCConfigurationList;
			buildConfigurations = (
				040E9906248A1D7D007AF099 /* Debug */,
				040E9907248A1D7D007AF099 /* Release */,
			);
			defaultConfigurationIsVisible = 0;
			defaultConfigurationName = Release;
		};
		040E990B248A1D7D007AF099 /* Build configuration list for PBXNativeTarget "tvOSClientTests" */ = {
			isa = XCConfigurationList;
			buildConfigurations = (
				040E9908248A1D7D007AF099 /* Debug */,
				040E9909248A1D7D007AF099 /* Release */,
			);
			defaultConfigurationIsVisible = 0;
			defaultConfigurationName = Release;
		};
/* End XCConfigurationList section */

/* Begin XCVersionGroup section */
		040E98C9248A1C07007AF099 /* VimeoClient.xcdatamodeld */ = {
			isa = XCVersionGroup;
			children = (
				040E98CA248A1C07007AF099 /* VimeoClient.xcdatamodel */,
			);
			currentVersion = 040E98CA248A1C07007AF099 /* VimeoClient.xcdatamodel */;
			path = VimeoClient.xcdatamodeld;
			sourceTree = "<group>";
			versionGroupType = wrapper.xcdatamodel;
		};
		040E98F2248A1D7B007AF099 /* tvOSClient.xcdatamodeld */ = {
			isa = XCVersionGroup;
			children = (
				040E98F3248A1D7B007AF099 /* tvOSClient.xcdatamodel */,
			);
			currentVersion = 040E98F3248A1D7B007AF099 /* tvOSClient.xcdatamodel */;
			path = tvOSClient.xcdatamodeld;
			sourceTree = "<group>";
			versionGroupType = wrapper.xcdatamodel;
		};
/* End XCVersionGroup section */
	};
	rootObject = 040E98B5248A1C07007AF099 /* Project object */;
}
